Microsoft Visual Studio Solution File, Format Version 12.00
# Visual Studio 2012
Project("{FAE04EC0-301F-11D3-BF4B-00C04F79EFBC}") = "Godot 2 Player Game", "Godot 2 Player Game.csproj", "{8A22ED96-58AF-4484-A108-F0B70E493183}"
EndProject
Global
	GlobalSection(SolutionConfigurationPlatforms) = preSolution
	Debug|Any CPU = Debug|Any CPU
	ExportDebug|Any CPU = ExportDebug|Any CPU
	ExportRelease|Any CPU = ExportRelease|Any CPU
	EndGlobalSection
	GlobalSection(ProjectConfigurationPlatforms) = postSolution
		{8A22ED96-58AF-4484-A108-F0B70E493183}.Debug|Any CPU.ActiveCfg = Debug|Any CPU
		{8A22ED96-58AF-4484-A108-F0B70E493183}.Debug|Any CPU.Build.0 = Debug|Any CPU
		{8A22ED96-58AF-4484-A108-F0B70E493183}.ExportDebug|Any CPU.ActiveCfg = ExportDebug|Any CPU
		{8A22ED96-58AF-4484-A108-F0B70E493183}.ExportDebug|Any CPU.Build.0 = ExportDebug|Any CPU
		{8A22ED96-58AF-4484-A108-F0B70E493183}.ExportRelease|Any CPU.ActiveCfg = ExportRelease|Any CPU
		{8A22ED96-58AF-4484-A108-F0B70E493183}.ExportRelease|Any CPU.Build.0 = ExportRelease|Any CPU
	EndGlobalSection
EndGlobal
